// !$*UTF8*$!
{
	archiveVersion = 1;
	classes = {
	};
	objectVersion = 50;
	objects = {

/* Begin PBXBuildFile section */
		4C0CA636256EAC5200E66045 /* TaskListDisplayLogic.swift in Sources */ = {isa = PBXBuildFile; fileRef = 4C0CA635256EAC5200E66045 /* TaskListDisplayLogic.swift */; };
		4C3F5665256B8117006D7C9F /* TaskListViewController.swift in Sources */ = {isa = PBXBuildFile; fileRef = 4C3F5664256B8117006D7C9F /* TaskListViewController.swift */; };
		4C3F566A256B82F2006D7C9F /* TaskBoardViewController.swift in Sources */ = {isa = PBXBuildFile; fileRef = 4C3F5669256B82F2006D7C9F /* TaskBoardViewController.swift */; };
		4C3F566F256B8C2B006D7C9F /* TaskListInteractor.swift in Sources */ = {isa = PBXBuildFile; fileRef = 4C3F566E256B8C2B006D7C9F /* TaskListInteractor.swift */; };
		4C3F5674256B8C63006D7C9F /* TaskListWorker.swift in Sources */ = {isa = PBXBuildFile; fileRef = 4C3F5673256B8C63006D7C9F /* TaskListWorker.swift */; };
		4C3F5679256B8C83006D7C9F /* TaskListPresenter.swift in Sources */ = {isa = PBXBuildFile; fileRef = 4C3F5678256B8C83006D7C9F /* TaskListPresenter.swift */; };
		4C3F567E256B8CB3006D7C9F /* TaskListModels.swift in Sources */ = {isa = PBXBuildFile; fileRef = 4C3F567D256B8CB3006D7C9F /* TaskListModels.swift */; };
		4C3F5683256B8F4B006D7C9F /* TaskListRouter.swift in Sources */ = {isa = PBXBuildFile; fileRef = 4C3F5682256B8F4B006D7C9F /* TaskListRouter.swift */; };
		4C3F568C256B93D5006D7C9F /* TaskCollectionViewListCell.swift in Sources */ = {isa = PBXBuildFile; fileRef = 4C3F568B256B93D5006D7C9F /* TaskCollectionViewListCell.swift */; };
		4C3F5695256BA228006D7C9F /* Task.swift in Sources */ = {isa = PBXBuildFile; fileRef = 4C3F5694256BA228006D7C9F /* Task.swift */; };
		4C3F5700256CF8A7006D7C9F /* TaskContentConfigure.swift in Sources */ = {isa = PBXBuildFile; fileRef = 4C3F56FF256CF8A7006D7C9F /* TaskContentConfigure.swift */; };
		4C3F5705256CF8B9006D7C9F /* TaskContentView.swift in Sources */ = {isa = PBXBuildFile; fileRef = 4C3F5704256CF8B9006D7C9F /* TaskContentView.swift */; };
		4C3F573F256D2263006D7C9F /* RoundButton.swift in Sources */ = {isa = PBXBuildFile; fileRef = 4C3F573E256D2263006D7C9F /* RoundButton.swift */; };
		4C42361B257162C90068A252 /* TaskListModels.swift in Sources */ = {isa = PBXBuildFile; fileRef = 4C3F567D256B8CB3006D7C9F /* TaskListModels.swift */; };
		4C42361E257162F10068A252 /* Priority.swift in Sources */ = {isa = PBXBuildFile; fileRef = 4CCD3256256F8BA700A46D10 /* Priority.swift */; };
		4C4236AD2573B4640068A252 /* PopoverViewModelType.swift in Sources */ = {isa = PBXBuildFile; fileRef = 4CCD324D256F84BD00A46D10 /* PopoverViewModelType.swift */; };
		4C4236B12573B4C90068A252 /* Priority+PopoverViewModelType.swift in Sources */ = {isa = PBXBuildFile; fileRef = 4C4236B02573B4C90068A252 /* Priority+PopoverViewModelType.swift */; };
		4C4236C32574C5F50068A252 /* TaskList.swift in Sources */ = {isa = PBXBuildFile; fileRef = 4C4236C22574C5F50068A252 /* TaskList.swift */; };
		4C4236DC2574DF6B0068A252 /* ConfirmActionView.xib in Resources */ = {isa = PBXBuildFile; fileRef = 4C4236DB2574DF6B0068A252 /* ConfirmActionView.xib */; };
		4C4236E02574DF980068A252 /* ConfirmActionView.swift in Sources */ = {isa = PBXBuildFile; fileRef = 4C4236DF2574DF980068A252 /* ConfirmActionView.swift */; };
		4C4236F825761A8E0068A252 /* TaskDetailPageViewController.swift in Sources */ = {isa = PBXBuildFile; fileRef = 4C4236F725761A8D0068A252 /* TaskDetailPageViewController.swift */; };
		4C4236FE25761AA00068A252 /* TaskDetailViewController.swift in Sources */ = {isa = PBXBuildFile; fileRef = 4C4236FD25761AA00068A252 /* TaskDetailViewController.swift */; };
		4C42370425761CB00068A252 /* TaskDetailSubTasksViewController.swift in Sources */ = {isa = PBXBuildFile; fileRef = 4C42370325761CB00068A252 /* TaskDetailSubTasksViewController.swift */; };
		4C42370D25762FC10068A252 /* TaskDetailCommentViewController.swift in Sources */ = {isa = PBXBuildFile; fileRef = 4C42370C25762FC10068A252 /* TaskDetailCommentViewController.swift */; };
		4C42371125762FCE0068A252 /* TaskDetailBookmarkViewController.swift in Sources */ = {isa = PBXBuildFile; fileRef = 4C42371025762FCE0068A252 /* TaskDetailBookmarkViewController.swift */; };
		4C42371B25763B080068A252 /* TaskDetailInteractor.swift in Sources */ = {isa = PBXBuildFile; fileRef = 4C42371A25763B080068A252 /* TaskDetailInteractor.swift */; };
		4C42371F25763B100068A252 /* TaskDetailWorker.swift in Sources */ = {isa = PBXBuildFile; fileRef = 4C42371E25763B100068A252 /* TaskDetailWorker.swift */; };
		4C42372325763B1C0068A252 /* TaskDetailPresenter.swift in Sources */ = {isa = PBXBuildFile; fileRef = 4C42372225763B1C0068A252 /* TaskDetailPresenter.swift */; };
		4C423727257640470068A252 /* UIViewController+segueIdentifier.swift in Sources */ = {isa = PBXBuildFile; fileRef = 4C423726257640470068A252 /* UIViewController+segueIdentifier.swift */; };
		4C42374125771BA40068A252 /* DatePickerButtonView.swift in Sources */ = {isa = PBXBuildFile; fileRef = 4C42374025771BA40068A252 /* DatePickerButtonView.swift */; };
		4C42374725771BAE0068A252 /* DatePickerButtonView.xib in Resources */ = {isa = PBXBuildFile; fileRef = 4C42374625771BAE0068A252 /* DatePickerButtonView.xib */; };
		4C42374D25778AE80068A252 /* Date+.swift in Sources */ = {isa = PBXBuildFile; fileRef = 4C42374C25778AE80068A252 /* Date+.swift */; };
		4C423751257792690068A252 /* BorderRadiusButton.swift in Sources */ = {isa = PBXBuildFile; fileRef = 4C423750257792690068A252 /* BorderRadiusButton.swift */; };
		4C4238602578D70D0068A252 /* EndPointType.swift in Sources */ = {isa = PBXBuildFile; fileRef = 4C42385F2578D70D0068A252 /* EndPointType.swift */; };
		4C4238742579358A0068A252 /* DataRequest.swift in Sources */ = {isa = PBXBuildFile; fileRef = 4C4238732579358A0068A252 /* DataRequest.swift */; };
		4C423896257A2A560068A252 /* ParameterEncoding.swift in Sources */ = {isa = PBXBuildFile; fileRef = 4C423895257A2A560068A252 /* ParameterEncoding.swift */; };
		4C4238A2257A2D800068A252 /* URLParameterEncoder.swift in Sources */ = {isa = PBXBuildFile; fileRef = 4C4238A1257A2D800068A252 /* URLParameterEncoder.swift */; };
		4CCD31E8256EBC0C00A46D10 /* TaskListWorkerTests.swift in Sources */ = {isa = PBXBuildFile; fileRef = 4C0CA5F0256E9AF100E66045 /* TaskListWorkerTests.swift */; };
		4CCD31E9256EBC0C00A46D10 /* TaskListInteractorTests.swift in Sources */ = {isa = PBXBuildFile; fileRef = 4C0CA60C256EAA7300E66045 /* TaskListInteractorTests.swift */; };
		4CCD31EA256EBC0C00A46D10 /* TaskListPresenterTests.swift in Sources */ = {isa = PBXBuildFile; fileRef = 4C0CA629256EABF700E66045 /* TaskListPresenterTests.swift */; };
		4CCD31F9256EBC8000A46D10 /* TaskListDisplaySpy.swift in Sources */ = {isa = PBXBuildFile; fileRef = 4CCD31F8256EBC8000A46D10 /* TaskListDisplaySpy.swift */; };
		4CCD31FF256EBCEF00A46D10 /* TaskListPresenterSpy.swift in Sources */ = {isa = PBXBuildFile; fileRef = 4CCD31FE256EBCEF00A46D10 /* TaskListPresenterSpy.swift */; };
		4CCD3202256EBD0200A46D10 /* TaskListPresenter.swift in Sources */ = {isa = PBXBuildFile; fileRef = 4C3F5678256B8C83006D7C9F /* TaskListPresenter.swift */; };
		4CCD3205256EBD3A00A46D10 /* Task.swift in Sources */ = {isa = PBXBuildFile; fileRef = 4C3F5694256BA228006D7C9F /* Task.swift */; };
		4CCD3208256EBD3E00A46D10 /* TaskListWorker.swift in Sources */ = {isa = PBXBuildFile; fileRef = 4C3F5673256B8C63006D7C9F /* TaskListWorker.swift */; };
		4CCD320B256EBD4200A46D10 /* TaskListDisplayLogic.swift in Sources */ = {isa = PBXBuildFile; fileRef = 4C0CA635256EAC5200E66045 /* TaskListDisplayLogic.swift */; };
		4CCD320E256EBD4600A46D10 /* TaskListInteractor.swift in Sources */ = {isa = PBXBuildFile; fileRef = 4C3F566E256B8C2B006D7C9F /* TaskListInteractor.swift */; };
		4CCD3248256F847800A46D10 /* PopoverViewController.swift in Sources */ = {isa = PBXBuildFile; fileRef = 4CCD3247256F847800A46D10 /* PopoverViewController.swift */; };
		4CCD324E256F84BD00A46D10 /* PopoverViewModelType.swift in Sources */ = {isa = PBXBuildFile; fileRef = 4CCD324D256F84BD00A46D10 /* PopoverViewModelType.swift */; };
		4CCD3257256F8BA700A46D10 /* Priority.swift in Sources */ = {isa = PBXBuildFile; fileRef = 4CCD3256256F8BA700A46D10 /* Priority.swift */; };
		4CCD325E256F8C1200A46D10 /* UIImage+scaled.swift in Sources */ = {isa = PBXBuildFile; fileRef = 4CCD325D256F8C1200A46D10 /* UIImage+scaled.swift */; };
		4CCD32772570A4EF00A46D10 /* MenuViewController.swift in Sources */ = {isa = PBXBuildFile; fileRef = 4CCD32762570A4EF00A46D10 /* MenuViewController.swift */; };
		4CE91528257CD3C600BCF398 /* EndPointType.swift in Sources */ = {isa = PBXBuildFile; fileRef = 4C42385F2578D70D0068A252 /* EndPointType.swift */; };
		4CE9152C257CD3DE00BCF398 /* ParameterEncoding.swift in Sources */ = {isa = PBXBuildFile; fileRef = 4C423895257A2A560068A252 /* ParameterEncoding.swift */; };
		4CE9152D257CD3DE00BCF398 /* URLParameterEncoder.swift in Sources */ = {isa = PBXBuildFile; fileRef = 4C4238A1257A2D800068A252 /* URLParameterEncoder.swift */; };
		4CE91532257CD3DE00BCF398 /* DataRequest.swift in Sources */ = {isa = PBXBuildFile; fileRef = 4C4238732579358A0068A252 /* DataRequest.swift */; };
		AA19EF172575680600E59017 /* TaskSectionViewCell.swift in Sources */ = {isa = PBXBuildFile; fileRef = AA19EF162575680500E59017 /* TaskSectionViewCell.swift */; };
		AA19EF1B25756C3200E59017 /* AddSectionViewCell.swift in Sources */ = {isa = PBXBuildFile; fileRef = AA19EF1A25756C3200E59017 /* AddSectionViewCell.swift */; };
		AA19EF252576488B00E59017 /* TaskBoardSupplementaryView.swift in Sources */ = {isa = PBXBuildFile; fileRef = AA19EF242576488B00E59017 /* TaskBoardSupplementaryView.swift */; };
		AA19EF2F2576835900E59017 /* Colors.xcassets in Resources */ = {isa = PBXBuildFile; fileRef = AA19EF2E2576835900E59017 /* Colors.xcassets */; };
		AA19EF332576846100E59017 /* UIColor+.swift in Sources */ = {isa = PBXBuildFile; fileRef = AA19EF322576846100E59017 /* UIColor+.swift */; };
		AA354C2A2570002600072657 /* TaskAddViewController.swift in Sources */ = {isa = PBXBuildFile; fileRef = AA354C292570002600072657 /* TaskAddViewController.swift */; };
		AAEE20DE2564E4A900668FAD /* AppDelegate.swift in Sources */ = {isa = PBXBuildFile; fileRef = AAEE20DD2564E4A900668FAD /* AppDelegate.swift */; };
		AAEE20E02564E4A900668FAD /* SceneDelegate.swift in Sources */ = {isa = PBXBuildFile; fileRef = AAEE20DF2564E4A900668FAD /* SceneDelegate.swift */; };
		AAEE20E52564E4AA00668FAD /* Main.storyboard in Resources */ = {isa = PBXBuildFile; fileRef = AAEE20E32564E4AA00668FAD /* Main.storyboard */; };
		AAEE20E72564E4AC00668FAD /* Assets.xcassets in Resources */ = {isa = PBXBuildFile; fileRef = AAEE20E62564E4AC00668FAD /* Assets.xcassets */; };
		AAEE20EA2564E4AC00668FAD /* LaunchScreen.storyboard in Resources */ = {isa = PBXBuildFile; fileRef = AAEE20E82564E4AC00668FAD /* LaunchScreen.storyboard */; };
/* End PBXBuildFile section */

/* Begin PBXContainerItemProxy section */
		4CCD31DE256EBC0000A46D10 /* PBXContainerItemProxy */ = {
			isa = PBXContainerItemProxy;
			containerPortal = AAEE20D22564E4A900668FAD /* Project object */;
			proxyType = 1;
			remoteGlobalIDString = AAEE20D92564E4A900668FAD;
			remoteInfo = HalgoraeDO;
		};
/* End PBXContainerItemProxy section */

/* Begin PBXFileReference section */
		4C0CA5F0256E9AF100E66045 /* TaskListWorkerTests.swift */ = {isa = PBXFileReference; lastKnownFileType = sourcecode.swift; path = TaskListWorkerTests.swift; sourceTree = "<group>"; };
		4C0CA60C256EAA7300E66045 /* TaskListInteractorTests.swift */ = {isa = PBXFileReference; lastKnownFileType = sourcecode.swift; path = TaskListInteractorTests.swift; sourceTree = "<group>"; };
		4C0CA629256EABF700E66045 /* TaskListPresenterTests.swift */ = {isa = PBXFileReference; lastKnownFileType = sourcecode.swift; path = TaskListPresenterTests.swift; sourceTree = "<group>"; };
		4C0CA635256EAC5200E66045 /* TaskListDisplayLogic.swift */ = {isa = PBXFileReference; lastKnownFileType = sourcecode.swift; path = TaskListDisplayLogic.swift; sourceTree = "<group>"; };
		4C3F5657256B80B4006D7C9F /* HalgoraeDO.app */ = {isa = PBXFileReference; explicitFileType = wrapper.application; includeInIndex = 0; path = HalgoraeDO.app; sourceTree = BUILT_PRODUCTS_DIR; };
		4C3F5664256B8117006D7C9F /* TaskListViewController.swift */ = {isa = PBXFileReference; lastKnownFileType = sourcecode.swift; path = TaskListViewController.swift; sourceTree = "<group>"; };
		4C3F5669256B82F2006D7C9F /* TaskBoardViewController.swift */ = {isa = PBXFileReference; lastKnownFileType = sourcecode.swift; path = TaskBoardViewController.swift; sourceTree = "<group>"; };
		4C3F566E256B8C2B006D7C9F /* TaskListInteractor.swift */ = {isa = PBXFileReference; lastKnownFileType = sourcecode.swift; path = TaskListInteractor.swift; sourceTree = "<group>"; };
		4C3F5673256B8C63006D7C9F /* TaskListWorker.swift */ = {isa = PBXFileReference; lastKnownFileType = sourcecode.swift; path = TaskListWorker.swift; sourceTree = "<group>"; };
		4C3F5678256B8C83006D7C9F /* TaskListPresenter.swift */ = {isa = PBXFileReference; lastKnownFileType = sourcecode.swift; path = TaskListPresenter.swift; sourceTree = "<group>"; };
		4C3F567D256B8CB3006D7C9F /* TaskListModels.swift */ = {isa = PBXFileReference; lastKnownFileType = sourcecode.swift; path = TaskListModels.swift; sourceTree = "<group>"; };
		4C3F5682256B8F4B006D7C9F /* TaskListRouter.swift */ = {isa = PBXFileReference; lastKnownFileType = sourcecode.swift; path = TaskListRouter.swift; sourceTree = "<group>"; };
		4C3F568B256B93D5006D7C9F /* TaskCollectionViewListCell.swift */ = {isa = PBXFileReference; lastKnownFileType = sourcecode.swift; path = TaskCollectionViewListCell.swift; sourceTree = "<group>"; };
		4C3F5694256BA228006D7C9F /* Task.swift */ = {isa = PBXFileReference; lastKnownFileType = sourcecode.swift; path = Task.swift; sourceTree = "<group>"; };
		4C3F56FF256CF8A7006D7C9F /* TaskContentConfigure.swift */ = {isa = PBXFileReference; lastKnownFileType = sourcecode.swift; path = TaskContentConfigure.swift; sourceTree = "<group>"; };
		4C3F5704256CF8B9006D7C9F /* TaskContentView.swift */ = {isa = PBXFileReference; lastKnownFileType = sourcecode.swift; path = TaskContentView.swift; sourceTree = "<group>"; };
		4C3F573E256D2263006D7C9F /* RoundButton.swift */ = {isa = PBXFileReference; lastKnownFileType = sourcecode.swift; path = RoundButton.swift; sourceTree = "<group>"; };
		4C4236B02573B4C90068A252 /* Priority+PopoverViewModelType.swift */ = {isa = PBXFileReference; lastKnownFileType = sourcecode.swift; path = "Priority+PopoverViewModelType.swift"; sourceTree = "<group>"; };
		4C4236C22574C5F50068A252 /* TaskList.swift */ = {isa = PBXFileReference; lastKnownFileType = sourcecode.swift; path = TaskList.swift; sourceTree = "<group>"; };
		4C4236DB2574DF6B0068A252 /* ConfirmActionView.xib */ = {isa = PBXFileReference; fileEncoding = 4; lastKnownFileType = file.xib; path = ConfirmActionView.xib; sourceTree = "<group>"; };
		4C4236DF2574DF980068A252 /* ConfirmActionView.swift */ = {isa = PBXFileReference; lastKnownFileType = sourcecode.swift; path = ConfirmActionView.swift; sourceTree = "<group>"; };
		4C4236F725761A8D0068A252 /* TaskDetailPageViewController.swift */ = {isa = PBXFileReference; lastKnownFileType = sourcecode.swift; path = TaskDetailPageViewController.swift; sourceTree = "<group>"; };
		4C4236FD25761AA00068A252 /* TaskDetailViewController.swift */ = {isa = PBXFileReference; lastKnownFileType = sourcecode.swift; path = TaskDetailViewController.swift; sourceTree = "<group>"; };
		4C42370325761CB00068A252 /* TaskDetailSubTasksViewController.swift */ = {isa = PBXFileReference; lastKnownFileType = sourcecode.swift; path = TaskDetailSubTasksViewController.swift; sourceTree = "<group>"; };
		4C42370C25762FC10068A252 /* TaskDetailCommentViewController.swift */ = {isa = PBXFileReference; lastKnownFileType = sourcecode.swift; path = TaskDetailCommentViewController.swift; sourceTree = "<group>"; };
		4C42371025762FCE0068A252 /* TaskDetailBookmarkViewController.swift */ = {isa = PBXFileReference; lastKnownFileType = sourcecode.swift; path = TaskDetailBookmarkViewController.swift; sourceTree = "<group>"; };
		4C42371A25763B080068A252 /* TaskDetailInteractor.swift */ = {isa = PBXFileReference; lastKnownFileType = sourcecode.swift; path = TaskDetailInteractor.swift; sourceTree = "<group>"; };
		4C42371E25763B100068A252 /* TaskDetailWorker.swift */ = {isa = PBXFileReference; lastKnownFileType = sourcecode.swift; path = TaskDetailWorker.swift; sourceTree = "<group>"; };
		4C42372225763B1C0068A252 /* TaskDetailPresenter.swift */ = {isa = PBXFileReference; lastKnownFileType = sourcecode.swift; path = TaskDetailPresenter.swift; sourceTree = "<group>"; };
		4C423726257640470068A252 /* UIViewController+segueIdentifier.swift */ = {isa = PBXFileReference; lastKnownFileType = sourcecode.swift; path = "UIViewController+segueIdentifier.swift"; sourceTree = "<group>"; };
		4C42373C2576897A0068A252 /* TaskListTests.xctest */ = {isa = PBXFileReference; explicitFileType = wrapper.cfbundle; includeInIndex = 0; name = TaskListTests.xctest; path = "/Users/os/woong/iOS/Boostcamp2020/group_final/Project04-C-Whale/iOS/build/Debug-iphoneos/TaskListTests.xctest"; sourceTree = "<absolute>"; };
		4C42374025771BA40068A252 /* DatePickerButtonView.swift */ = {isa = PBXFileReference; lastKnownFileType = sourcecode.swift; path = DatePickerButtonView.swift; sourceTree = "<group>"; };
		4C42374625771BAE0068A252 /* DatePickerButtonView.xib */ = {isa = PBXFileReference; lastKnownFileType = file.xib; path = DatePickerButtonView.xib; sourceTree = "<group>"; };
		4C42374C25778AE80068A252 /* Date+.swift */ = {isa = PBXFileReference; lastKnownFileType = sourcecode.swift; path = "Date+.swift"; sourceTree = "<group>"; };
		4C423750257792690068A252 /* BorderRadiusButton.swift */ = {isa = PBXFileReference; lastKnownFileType = sourcecode.swift; path = BorderRadiusButton.swift; sourceTree = "<group>"; };
		4C42385F2578D70D0068A252 /* EndPointType.swift */ = {isa = PBXFileReference; lastKnownFileType = sourcecode.swift; path = EndPointType.swift; sourceTree = "<group>"; };
		4C4238732579358A0068A252 /* DataRequest.swift */ = {isa = PBXFileReference; lastKnownFileType = sourcecode.swift; path = DataRequest.swift; sourceTree = "<group>"; };
		4C423895257A2A560068A252 /* ParameterEncoding.swift */ = {isa = PBXFileReference; lastKnownFileType = sourcecode.swift; path = ParameterEncoding.swift; sourceTree = "<group>"; };
		4C4238A1257A2D800068A252 /* URLParameterEncoder.swift */ = {isa = PBXFileReference; lastKnownFileType = sourcecode.swift; path = URLParameterEncoder.swift; sourceTree = "<group>"; };
		4CCD31DD256EBC0000A46D10 /* Info.plist */ = {isa = PBXFileReference; lastKnownFileType = text.plist.xml; path = Info.plist; sourceTree = "<group>"; };
		4CCD31F8256EBC8000A46D10 /* TaskListDisplaySpy.swift */ = {isa = PBXFileReference; lastKnownFileType = sourcecode.swift; path = TaskListDisplaySpy.swift; sourceTree = "<group>"; };
		4CCD31FE256EBCEF00A46D10 /* TaskListPresenterSpy.swift */ = {isa = PBXFileReference; lastKnownFileType = sourcecode.swift; path = TaskListPresenterSpy.swift; sourceTree = "<group>"; };
		4CCD3247256F847800A46D10 /* PopoverViewController.swift */ = {isa = PBXFileReference; lastKnownFileType = sourcecode.swift; path = PopoverViewController.swift; sourceTree = "<group>"; };
		4CCD324D256F84BD00A46D10 /* PopoverViewModelType.swift */ = {isa = PBXFileReference; lastKnownFileType = sourcecode.swift; path = PopoverViewModelType.swift; sourceTree = "<group>"; };
		4CCD3256256F8BA700A46D10 /* Priority.swift */ = {isa = PBXFileReference; lastKnownFileType = sourcecode.swift; path = Priority.swift; sourceTree = "<group>"; };
		4CCD325D256F8C1200A46D10 /* UIImage+scaled.swift */ = {isa = PBXFileReference; lastKnownFileType = sourcecode.swift; path = "UIImage+scaled.swift"; sourceTree = "<group>"; };
		4CCD32762570A4EF00A46D10 /* MenuViewController.swift */ = {isa = PBXFileReference; lastKnownFileType = sourcecode.swift; path = MenuViewController.swift; sourceTree = "<group>"; };
		AA19EF162575680500E59017 /* TaskSectionViewCell.swift */ = {isa = PBXFileReference; lastKnownFileType = sourcecode.swift; path = TaskSectionViewCell.swift; sourceTree = "<group>"; };
		AA19EF1A25756C3200E59017 /* AddSectionViewCell.swift */ = {isa = PBXFileReference; lastKnownFileType = sourcecode.swift; path = AddSectionViewCell.swift; sourceTree = "<group>"; };
		AA19EF242576488B00E59017 /* TaskBoardSupplementaryView.swift */ = {isa = PBXFileReference; lastKnownFileType = sourcecode.swift; path = TaskBoardSupplementaryView.swift; sourceTree = "<group>"; };
		AA19EF2E2576835900E59017 /* Colors.xcassets */ = {isa = PBXFileReference; lastKnownFileType = folder.assetcatalog; path = Colors.xcassets; sourceTree = "<group>"; };
		AA19EF322576846100E59017 /* UIColor+.swift */ = {isa = PBXFileReference; lastKnownFileType = sourcecode.swift; path = "UIColor+.swift"; sourceTree = "<group>"; };
		AA354C292570002600072657 /* TaskAddViewController.swift */ = {isa = PBXFileReference; lastKnownFileType = sourcecode.swift; path = TaskAddViewController.swift; sourceTree = "<group>"; };
		AAEE20DD2564E4A900668FAD /* AppDelegate.swift */ = {isa = PBXFileReference; lastKnownFileType = sourcecode.swift; path = AppDelegate.swift; sourceTree = "<group>"; };
		AAEE20DF2564E4A900668FAD /* SceneDelegate.swift */ = {isa = PBXFileReference; lastKnownFileType = sourcecode.swift; path = SceneDelegate.swift; sourceTree = "<group>"; };
		AAEE20E42564E4AA00668FAD /* Base */ = {isa = PBXFileReference; lastKnownFileType = file.storyboard; name = Base; path = Base.lproj/Main.storyboard; sourceTree = "<group>"; };
		AAEE20E62564E4AC00668FAD /* Assets.xcassets */ = {isa = PBXFileReference; lastKnownFileType = folder.assetcatalog; path = Assets.xcassets; sourceTree = "<group>"; };
		AAEE20E92564E4AC00668FAD /* Base */ = {isa = PBXFileReference; lastKnownFileType = file.storyboard; name = Base; path = Base.lproj/LaunchScreen.storyboard; sourceTree = "<group>"; };
		AAEE20EB2564E4AC00668FAD /* Info.plist */ = {isa = PBXFileReference; lastKnownFileType = text.plist.xml; path = Info.plist; sourceTree = "<group>"; };
/* End PBXFileReference section */

/* Begin PBXFrameworksBuildPhase section */
		4CCD31D6256EBC0000A46D10 /* Frameworks */ = {
			isa = PBXFrameworksBuildPhase;
			buildActionMask = 2147483647;
			files = (
			);
			runOnlyForDeploymentPostprocessing = 0;
		};
		AAEE20D72564E4A900668FAD /* Frameworks */ = {
			isa = PBXFrameworksBuildPhase;
			buildActionMask = 2147483647;
			files = (
			);
			runOnlyForDeploymentPostprocessing = 0;
		};
/* End PBXFrameworksBuildPhase section */

/* Begin PBXGroup section */
		4C3F55AD2564EE74006D7C9F /* Scenes */ = {
			isa = PBXGroup;
			children = (
				4CCD32752570A4E300A46D10 /* Menu */,
				4C3F5660256B80C6006D7C9F /* TaskList */,
				4C4236F625761A410068A252 /* TaskDetail */,
			);
			path = Scenes;
			sourceTree = "<group>";
		};
		4C3F55B12564EEC6006D7C9F /* Views */ = {
			isa = PBXGroup;
			children = (
				AAEE20E32564E4AA00668FAD /* Main.storyboard */,
				4C42373F25771B7B0068A252 /* DatePickerButtonView */,
				4C4236DA2574DF420068A252 /* ConfirmActionView */,
				4C3F573E256D2263006D7C9F /* RoundButton.swift */,
				4C423750257792690068A252 /* BorderRadiusButton.swift */,
			);
			path = Views;
			sourceTree = "<group>";
		};
		4C3F5660256B80C6006D7C9F /* TaskList */ = {
			isa = PBXGroup;
			children = (
				4C3F568A256B93AA006D7C9F /* Views */,
				4C3F5669256B82F2006D7C9F /* TaskBoardViewController.swift */,
				4C3F5664256B8117006D7C9F /* TaskListViewController.swift */,
				4C3F566E256B8C2B006D7C9F /* TaskListInteractor.swift */,
				4C3F5673256B8C63006D7C9F /* TaskListWorker.swift */,
				4C3F5678256B8C83006D7C9F /* TaskListPresenter.swift */,
				4C3F567D256B8CB3006D7C9F /* TaskListModels.swift */,
				4C3F5682256B8F4B006D7C9F /* TaskListRouter.swift */,
				4C0CA635256EAC5200E66045 /* TaskListDisplayLogic.swift */,
				AA354C292570002600072657 /* TaskAddViewController.swift */,
				4C4236C22574C5F50068A252 /* TaskList.swift */,
			);
			path = TaskList;
			sourceTree = "<group>";
		};
		4C3F568A256B93AA006D7C9F /* Views */ = {
			isa = PBXGroup;
			children = (
				4C3F568B256B93D5006D7C9F /* TaskCollectionViewListCell.swift */,
				4C3F56FF256CF8A7006D7C9F /* TaskContentConfigure.swift */,
				4C3F5704256CF8B9006D7C9F /* TaskContentView.swift */,
				AA19EF162575680500E59017 /* TaskSectionViewCell.swift */,
				AA19EF1A25756C3200E59017 /* AddSectionViewCell.swift */,
				AA19EF242576488B00E59017 /* TaskBoardSupplementaryView.swift */,
			);
			path = Views;
			sourceTree = "<group>";
		};
		4C3F5693256BA21B006D7C9F /* Models */ = {
			isa = PBXGroup;
			children = (
				4C3F5694256BA228006D7C9F /* Task.swift */,
				4CCD3256256F8BA700A46D10 /* Priority.swift */,
				4C4236B02573B4C90068A252 /* Priority+PopoverViewModelType.swift */,
			);
			path = Models;
			sourceTree = "<group>";
		};
		4C4236DA2574DF420068A252 /* ConfirmActionView */ = {
			isa = PBXGroup;
			children = (
				4C4236DF2574DF980068A252 /* ConfirmActionView.swift */,
				4C4236DB2574DF6B0068A252 /* ConfirmActionView.xib */,
			);
			path = ConfirmActionView;
			sourceTree = "<group>";
		};
		4C4236F625761A410068A252 /* TaskDetail */ = {
			isa = PBXGroup;
			children = (
				4C4236FD25761AA00068A252 /* TaskDetailViewController.swift */,
				4C4237162576340D0068A252 /* Paging */,
				4C42371A25763B080068A252 /* TaskDetailInteractor.swift */,
				4C42371E25763B100068A252 /* TaskDetailWorker.swift */,
				4C42372225763B1C0068A252 /* TaskDetailPresenter.swift */,
			);
			path = TaskDetail;
			sourceTree = "<group>";
		};
		4C4237162576340D0068A252 /* Paging */ = {
			isa = PBXGroup;
			children = (
				4C4236F725761A8D0068A252 /* TaskDetailPageViewController.swift */,
				4C42370325761CB00068A252 /* TaskDetailSubTasksViewController.swift */,
				4C42370C25762FC10068A252 /* TaskDetailCommentViewController.swift */,
				4C42371025762FCE0068A252 /* TaskDetailBookmarkViewController.swift */,
			);
			path = Paging;
			sourceTree = "<group>";
		};
		4C42373F25771B7B0068A252 /* DatePickerButtonView */ = {
			isa = PBXGroup;
			children = (
				4C42374025771BA40068A252 /* DatePickerButtonView.swift */,
				4C42374625771BAE0068A252 /* DatePickerButtonView.xib */,
			);
			path = DatePickerButtonView;
			sourceTree = "<group>";
		};
		4C42385E2578D6FD0068A252 /* Service */ = {
			isa = PBXGroup;
			children = (
				4C423894257A2A450068A252 /* Encoding */,
				4C42385F2578D70D0068A252 /* EndPointType.swift */,
				4C4238732579358A0068A252 /* DataRequest.swift */,
			);
			path = Service;
			sourceTree = "<group>";
		};
		4C423894257A2A450068A252 /* Encoding */ = {
			isa = PBXGroup;
			children = (
				4C423895257A2A560068A252 /* ParameterEncoding.swift */,
				4C4238A1257A2D800068A252 /* URLParameterEncoder.swift */,
			);
			path = Encoding;
			sourceTree = "<group>";
		};
		4CCD31DA256EBC0000A46D10 /* TaskListTests */ = {
			isa = PBXGroup;
			children = (
				4CCD31F7256EBC2400A46D10 /* Mocks */,
				4C0CA5F0256E9AF100E66045 /* TaskListWorkerTests.swift */,
				4C0CA60C256EAA7300E66045 /* TaskListInteractorTests.swift */,
				4C0CA629256EABF700E66045 /* TaskListPresenterTests.swift */,
				4CCD31DD256EBC0000A46D10 /* Info.plist */,
			);
			path = TaskListTests;
			sourceTree = "<group>";
		};
		4CCD31F7256EBC2400A46D10 /* Mocks */ = {
			isa = PBXGroup;
			children = (
				4CCD31F8256EBC8000A46D10 /* TaskListDisplaySpy.swift */,
				4CCD31FE256EBCEF00A46D10 /* TaskListPresenterSpy.swift */,
			);
			path = Mocks;
			sourceTree = "<group>";
		};
		4CCD3245256F845C00A46D10 /* Common */ = {
			isa = PBXGroup;
			children = (
				4CCD3246256F846B00A46D10 /* Popover */,
			);
			path = Common;
			sourceTree = "<group>";
		};
		4CCD3246256F846B00A46D10 /* Popover */ = {
			isa = PBXGroup;
			children = (
				4CCD3247256F847800A46D10 /* PopoverViewController.swift */,
				4CCD324D256F84BD00A46D10 /* PopoverViewModelType.swift */,
			);
			path = Popover;
			sourceTree = "<group>";
		};
		4CCD325C256F8BE600A46D10 /* Utils */ = {
			isa = PBXGroup;
			children = (
				4CCD325D256F8C1200A46D10 /* UIImage+scaled.swift */,
				AA19EF322576846100E59017 /* UIColor+.swift */,
				4C423726257640470068A252 /* UIViewController+segueIdentifier.swift */,
				4C42374C25778AE80068A252 /* Date+.swift */,
			);
			path = Utils;
			sourceTree = "<group>";
		};
		4CCD32752570A4E300A46D10 /* Menu */ = {
			isa = PBXGroup;
			children = (
				4CCD32762570A4EF00A46D10 /* MenuViewController.swift */,
			);
			path = Menu;
			sourceTree = "<group>";
		};
		AAEE20D12564E4A900668FAD = {
			isa = PBXGroup;
			children = (
				AAEE20DC2564E4A900668FAD /* HalgoraeDO */,
				4C3F5657256B80B4006D7C9F /* HalgoraeDO.app */,
				4CCD31DA256EBC0000A46D10 /* TaskListTests */,
			);
			sourceTree = "<group>";
		};
		AAEE20DC2564E4A900668FAD /* HalgoraeDO */ = {
			isa = PBXGroup;
			children = (
				AAEE21132564E6EF00668FAD /* Supporting Files */,
				AAEE21122564E64500668FAD /* Resources */,
				AAEE21112564E57D00668FAD /* Sources */,
			);
			path = HalgoraeDO;
			sourceTree = "<group>";
		};
		AAEE21102564E55500668FAD /* Entry */ = {
			isa = PBXGroup;
			children = (
				AAEE20DD2564E4A900668FAD /* AppDelegate.swift */,
				AAEE20DF2564E4A900668FAD /* SceneDelegate.swift */,
				AAEE20E82564E4AC00668FAD /* LaunchScreen.storyboard */,
			);
			path = Entry;
			sourceTree = "<group>";
		};
		AAEE21112564E57D00668FAD /* Sources */ = {
			isa = PBXGroup;
			children = (
				4C42385E2578D6FD0068A252 /* Service */,
				4CCD325C256F8BE600A46D10 /* Utils */,
				AAEE21102564E55500668FAD /* Entry */,
				4C3F5693256BA21B006D7C9F /* Models */,
				4CCD3245256F845C00A46D10 /* Common */,
				4C3F55AD2564EE74006D7C9F /* Scenes */,
				4C3F55B12564EEC6006D7C9F /* Views */,
			);
			path = Sources;
			sourceTree = "<group>";
		};
		AAEE21122564E64500668FAD /* Resources */ = {
			isa = PBXGroup;
			children = (
				AAEE20E62564E4AC00668FAD /* Assets.xcassets */,
				AA19EF2E2576835900E59017 /* Colors.xcassets */,
			);
			path = Resources;
			sourceTree = "<group>";
		};
		AAEE21132564E6EF00668FAD /* Supporting Files */ = {
			isa = PBXGroup;
			children = (
				AAEE20EB2564E4AC00668FAD /* Info.plist */,
			);
			path = "Supporting Files";
			sourceTree = "<group>";
		};
/* End PBXGroup section */

/* Begin PBXNativeTarget section */
		4CCD31D8256EBC0000A46D10 /* TaskListTests */ = {
			isa = PBXNativeTarget;
			buildConfigurationList = 4CCD31E0256EBC0000A46D10 /* Build configuration list for PBXNativeTarget "TaskListTests" */;
			buildPhases = (
				4CCD31D5256EBC0000A46D10 /* Sources */,
				4CCD31D6256EBC0000A46D10 /* Frameworks */,
				4CCD31D7256EBC0000A46D10 /* Resources */,
			);
			buildRules = (
			);
			dependencies = (
				4CCD31DF256EBC0000A46D10 /* PBXTargetDependency */,
			);
			name = TaskListTests;
			productName = TaskListTests;
			productReference = 4C42373C2576897A0068A252 /* TaskListTests.xctest */;
			productType = "com.apple.product-type.bundle.unit-test";
		};
		AAEE20D92564E4A900668FAD /* HalgoraeDO */ = {
			isa = PBXNativeTarget;
			buildConfigurationList = AAEE21042564E4AC00668FAD /* Build configuration list for PBXNativeTarget "HalgoraeDO" */;
			buildPhases = (
				AAEE20D62564E4A900668FAD /* Sources */,
				AAEE20D72564E4A900668FAD /* Frameworks */,
				AAEE20D82564E4A900668FAD /* Resources */,
			);
			buildRules = (
			);
			dependencies = (
			);
			name = HalgoraeDO;
			productName = HalgoraeDO;
			productReference = 4C3F5657256B80B4006D7C9F /* HalgoraeDO.app */;
			productType = "com.apple.product-type.application";
		};
/* End PBXNativeTarget section */

/* Begin PBXProject section */
		AAEE20D22564E4A900668FAD /* Project object */ = {
			isa = PBXProject;
			attributes = {
				LastSwiftUpdateCheck = 1210;
				LastUpgradeCheck = 1210;
				TargetAttributes = {
					4CCD31D8256EBC0000A46D10 = {
						CreatedOnToolsVersion = 12.1;
						TestTargetID = AAEE20D92564E4A900668FAD;
					};
					AAEE20D92564E4A900668FAD = {
						CreatedOnToolsVersion = 12.1;
					};
				};
			};
			buildConfigurationList = AAEE20D52564E4A900668FAD /* Build configuration list for PBXProject "HalgoraeDO" */;
			compatibilityVersion = "Xcode 9.3";
			developmentRegion = en;
			hasScannedForEncodings = 0;
			knownRegions = (
				en,
				Base,
			);
			mainGroup = AAEE20D12564E4A900668FAD;
			productRefGroup = AAEE20D12564E4A900668FAD;
			projectDirPath = "";
			projectRoot = "";
			targets = (
				AAEE20D92564E4A900668FAD /* HalgoraeDO */,
				4CCD31D8256EBC0000A46D10 /* TaskListTests */,
			);
		};
/* End PBXProject section */

/* Begin PBXResourcesBuildPhase section */
		4CCD31D7256EBC0000A46D10 /* Resources */ = {
			isa = PBXResourcesBuildPhase;
			buildActionMask = 2147483647;
			files = (
			);
			runOnlyForDeploymentPostprocessing = 0;
		};
		AAEE20D82564E4A900668FAD /* Resources */ = {
			isa = PBXResourcesBuildPhase;
			buildActionMask = 2147483647;
			files = (
				4C42374725771BAE0068A252 /* DatePickerButtonView.xib in Resources */,
				AA19EF2F2576835900E59017 /* Colors.xcassets in Resources */,
				AAEE20EA2564E4AC00668FAD /* LaunchScreen.storyboard in Resources */,
				4C4236DC2574DF6B0068A252 /* ConfirmActionView.xib in Resources */,
				AAEE20E72564E4AC00668FAD /* Assets.xcassets in Resources */,
				AAEE20E52564E4AA00668FAD /* Main.storyboard in Resources */,
			);
			runOnlyForDeploymentPostprocessing = 0;
		};
/* End PBXResourcesBuildPhase section */

/* Begin PBXSourcesBuildPhase section */
		4CCD31D5256EBC0000A46D10 /* Sources */ = {
			isa = PBXSourcesBuildPhase;
			buildActionMask = 2147483647;
			files = (
				4C42361B257162C90068A252 /* TaskListModels.swift in Sources */,
				4CCD3205256EBD3A00A46D10 /* Task.swift in Sources */,
				4CCD320E256EBD4600A46D10 /* TaskListInteractor.swift in Sources */,
				4CCD3208256EBD3E00A46D10 /* TaskListWorker.swift in Sources */,
				4CCD320B256EBD4200A46D10 /* TaskListDisplayLogic.swift in Sources */,
				4CCD3202256EBD0200A46D10 /* TaskListPresenter.swift in Sources */,
				4CCD31FF256EBCEF00A46D10 /* TaskListPresenterSpy.swift in Sources */,
				4CCD31E9256EBC0C00A46D10 /* TaskListInteractorTests.swift in Sources */,
				4CCD31EA256EBC0C00A46D10 /* TaskListPresenterTests.swift in Sources */,
				4C4236AD2573B4640068A252 /* PopoverViewModelType.swift in Sources */,
				4CCD31E8256EBC0C00A46D10 /* TaskListWorkerTests.swift in Sources */,
				4CCD31F9256EBC8000A46D10 /* TaskListDisplaySpy.swift in Sources */,
				4C42361E257162F10068A252 /* Priority.swift in Sources */,
			);
			runOnlyForDeploymentPostprocessing = 0;
		};
		AAEE20D62564E4A900668FAD /* Sources */ = {
			isa = PBXSourcesBuildPhase;
			buildActionMask = 2147483647;
			files = (
				4C42374D25778AE80068A252 /* Date+.swift in Sources */,
				4CCD3248256F847800A46D10 /* PopoverViewController.swift in Sources */,
				4C423727257640470068A252 /* UIViewController+segueIdentifier.swift in Sources */,
				4C3F568C256B93D5006D7C9F /* TaskCollectionViewListCell.swift in Sources */,
				4CCD324E256F84BD00A46D10 /* PopoverViewModelType.swift in Sources */,
				4C3F5679256B8C83006D7C9F /* TaskListPresenter.swift in Sources */,
				AA19EF172575680600E59017 /* TaskSectionViewCell.swift in Sources */,
				4C42371F25763B100068A252 /* TaskDetailWorker.swift in Sources */,
				4C42370D25762FC10068A252 /* TaskDetailCommentViewController.swift in Sources */,
				4C3F573F256D2263006D7C9F /* RoundButton.swift in Sources */,
				4C4236F825761A8E0068A252 /* TaskDetailPageViewController.swift in Sources */,
				4C42370425761CB00068A252 /* TaskDetailSubTasksViewController.swift in Sources */,
				AAEE20DE2564E4A900668FAD /* AppDelegate.swift in Sources */,
				4C3F567E256B8CB3006D7C9F /* TaskListModels.swift in Sources */,
				AA19EF252576488B00E59017 /* TaskBoardSupplementaryView.swift in Sources */,
				4C3F5695256BA228006D7C9F /* Task.swift in Sources */,
				4C4236C32574C5F50068A252 /* TaskList.swift in Sources */,
				4C4236E02574DF980068A252 /* ConfirmActionView.swift in Sources */,
				4C3F5705256CF8B9006D7C9F /* TaskContentView.swift in Sources */,
				AA19EF332576846100E59017 /* UIColor+.swift in Sources */,
				AA354C2A2570002600072657 /* TaskAddViewController.swift in Sources */,
				4CCD32772570A4EF00A46D10 /* MenuViewController.swift in Sources */,
				4C0CA636256EAC5200E66045 /* TaskListDisplayLogic.swift in Sources */,
				4C423751257792690068A252 /* BorderRadiusButton.swift in Sources */,
				4C42372325763B1C0068A252 /* TaskDetailPresenter.swift in Sources */,
				4C4236B12573B4C90068A252 /* Priority+PopoverViewModelType.swift in Sources */,
				AAEE20E02564E4A900668FAD /* SceneDelegate.swift in Sources */,
				4C3F5683256B8F4B006D7C9F /* TaskListRouter.swift in Sources */,
				4C3F566A256B82F2006D7C9F /* TaskBoardViewController.swift in Sources */,
				4C3F5665256B8117006D7C9F /* TaskListViewController.swift in Sources */,
				4CCD325E256F8C1200A46D10 /* UIImage+scaled.swift in Sources */,
				4C3F5700256CF8A7006D7C9F /* TaskContentConfigure.swift in Sources */,
				4C4238742579358A0068A252 /* DataRequest.swift in Sources */,
				AA19EF1B25756C3200E59017 /* AddSectionViewCell.swift in Sources */,
				4C42371B25763B080068A252 /* TaskDetailInteractor.swift in Sources */,
				4C42374125771BA40068A252 /* DatePickerButtonView.swift in Sources */,
				4C4236FE25761AA00068A252 /* TaskDetailViewController.swift in Sources */,
				4C3F5674256B8C63006D7C9F /* TaskListWorker.swift in Sources */,
				4C3F566F256B8C2B006D7C9F /* TaskListInteractor.swift in Sources */,
				4CCD3257256F8BA700A46D10 /* Priority.swift in Sources */,
				4C42371125762FCE0068A252 /* TaskDetailBookmarkViewController.swift in Sources */,
			);
			runOnlyForDeploymentPostprocessing = 0;
		};
/* End PBXSourcesBuildPhase section */

/* Begin PBXTargetDependency section */
		4CCD31DF256EBC0000A46D10 /* PBXTargetDependency */ = {
			isa = PBXTargetDependency;
			target = AAEE20D92564E4A900668FAD /* HalgoraeDO */;
			targetProxy = 4CCD31DE256EBC0000A46D10 /* PBXContainerItemProxy */;
		};
/* End PBXTargetDependency section */

/* Begin PBXVariantGroup section */
		AAEE20E32564E4AA00668FAD /* Main.storyboard */ = {
			isa = PBXVariantGroup;
			children = (
				AAEE20E42564E4AA00668FAD /* Base */,
			);
			name = Main.storyboard;
			sourceTree = "<group>";
		};
		AAEE20E82564E4AC00668FAD /* LaunchScreen.storyboard */ = {
			isa = PBXVariantGroup;
			children = (
				AAEE20E92564E4AC00668FAD /* Base */,
			);
			name = LaunchScreen.storyboard;
			sourceTree = "<group>";
		};
/* End PBXVariantGroup section */

/* Begin XCBuildConfiguration section */
		4CCD31E1256EBC0000A46D10 /* Debug */ = {
			isa = XCBuildConfiguration;
			buildSettings = {
				BUNDLE_LOADER = "$(TEST_HOST)";
				CODE_SIGN_STYLE = Automatic;
				INFOPLIST_FILE = TaskListTests/Info.plist;
				LD_RUNPATH_SEARCH_PATHS = (
					"$(inherited)",
					"@executable_path/Frameworks",
					"@loader_path/Frameworks",
				);
				PRODUCT_BUNDLE_IDENTIFIER = com.woong.TaskListTests;
				PRODUCT_NAME = "$(TARGET_NAME)";
				SWIFT_VERSION = 5.0;
				TARGETED_DEVICE_FAMILY = "1,2";
				TEST_HOST = "$(BUILT_PRODUCTS_DIR)/HalgoraeDO.app/HalgoraeDO";
			};
			name = Debug;
		};
		4CCD31E2256EBC0000A46D10 /* Release */ = {
			isa = XCBuildConfiguration;
			buildSettings = {
				BUNDLE_LOADER = "$(TEST_HOST)";
				CODE_SIGN_STYLE = Automatic;
				INFOPLIST_FILE = TaskListTests/Info.plist;
				LD_RUNPATH_SEARCH_PATHS = (
					"$(inherited)",
					"@executable_path/Frameworks",
					"@loader_path/Frameworks",
				);
				PRODUCT_BUNDLE_IDENTIFIER = com.woong.TaskListTests;
				PRODUCT_NAME = "$(TARGET_NAME)";
				SWIFT_VERSION = 5.0;
				TARGETED_DEVICE_FAMILY = "1,2";
				TEST_HOST = "$(BUILT_PRODUCTS_DIR)/HalgoraeDO.app/HalgoraeDO";
			};
			name = Release;
		};
		AAEE21022564E4AC00668FAD /* Debug */ = {
			isa = XCBuildConfiguration;
			buildSettings = {
				ALWAYS_SEARCH_USER_PATHS = NO;
				CLANG_ANALYZER_NONNULL = YES;
				CLANG_ANALYZER_NUMBER_OBJECT_CONVERSION = YES_AGGRESSIVE;
				CLANG_CXX_LANGUAGE_STANDARD = "gnu++14";
				CLANG_CXX_LIBRARY = "libc++";
				CLANG_ENABLE_MODULES = YES;
				CLANG_ENABLE_OBJC_ARC = YES;
				CLANG_ENABLE_OBJC_WEAK = YES;
				CLANG_WARN_BLOCK_CAPTURE_AUTORELEASING = YES;
				CLANG_WARN_BOOL_CONVERSION = YES;
				CLANG_WARN_COMMA = YES;
				CLANG_WARN_CONSTANT_CONVERSION = YES;
				CLANG_WARN_DEPRECATED_OBJC_IMPLEMENTATIONS = YES;
				CLANG_WARN_DIRECT_OBJC_ISA_USAGE = YES_ERROR;
				CLANG_WARN_DOCUMENTATION_COMMENTS = YES;
				CLANG_WARN_EMPTY_BODY = YES;
				CLANG_WARN_ENUM_CONVERSION = YES;
				CLANG_WARN_INFINITE_RECURSION = YES;
				CLANG_WARN_INT_CONVERSION = YES;
				CLANG_WARN_NON_LITERAL_NULL_CONVERSION = YES;
				CLANG_WARN_OBJC_IMPLICIT_RETAIN_SELF = YES;
				CLANG_WARN_OBJC_LITERAL_CONVERSION = YES;
				CLANG_WARN_OBJC_ROOT_CLASS = YES_ERROR;
				CLANG_WARN_QUOTED_INCLUDE_IN_FRAMEWORK_HEADER = YES;
				CLANG_WARN_RANGE_LOOP_ANALYSIS = YES;
				CLANG_WARN_STRICT_PROTOTYPES = YES;
				CLANG_WARN_SUSPICIOUS_MOVE = YES;
				CLANG_WARN_UNGUARDED_AVAILABILITY = YES_AGGRESSIVE;
				CLANG_WARN_UNREACHABLE_CODE = YES;
				CLANG_WARN__DUPLICATE_METHOD_MATCH = YES;
				COPY_PHASE_STRIP = NO;
				DEBUG_INFORMATION_FORMAT = dwarf;
				ENABLE_STRICT_OBJC_MSGSEND = YES;
				ENABLE_TESTABILITY = YES;
				GCC_C_LANGUAGE_STANDARD = gnu11;
				GCC_DYNAMIC_NO_PIC = NO;
				GCC_NO_COMMON_BLOCKS = YES;
				GCC_OPTIMIZATION_LEVEL = 0;
				GCC_PREPROCESSOR_DEFINITIONS = (
					"DEBUG=1",
					"$(inherited)",
				);
				GCC_WARN_64_TO_32_BIT_CONVERSION = YES;
				GCC_WARN_ABOUT_RETURN_TYPE = YES_ERROR;
				GCC_WARN_UNDECLARED_SELECTOR = YES;
				GCC_WARN_UNINITIALIZED_AUTOS = YES_AGGRESSIVE;
				GCC_WARN_UNUSED_FUNCTION = YES;
				GCC_WARN_UNUSED_VARIABLE = YES;
				IPHONEOS_DEPLOYMENT_TARGET = 14.1;
				MTL_ENABLE_DEBUG_INFO = INCLUDE_SOURCE;
				MTL_FAST_MATH = YES;
				ONLY_ACTIVE_ARCH = YES;
				SDKROOT = iphoneos;
				SWIFT_ACTIVE_COMPILATION_CONDITIONS = DEBUG;
				SWIFT_OPTIMIZATION_LEVEL = "-Onone";
			};
			name = Debug;
		};
		AAEE21032564E4AC00668FAD /* Release */ = {
			isa = XCBuildConfiguration;
			buildSettings = {
				ALWAYS_SEARCH_USER_PATHS = NO;
				CLANG_ANALYZER_NONNULL = YES;
				CLANG_ANALYZER_NUMBER_OBJECT_CONVERSION = YES_AGGRESSIVE;
				CLANG_CXX_LANGUAGE_STANDARD = "gnu++14";
				CLANG_CXX_LIBRARY = "libc++";
				CLANG_ENABLE_MODULES = YES;
				CLANG_ENABLE_OBJC_ARC = YES;
				CLANG_ENABLE_OBJC_WEAK = YES;
				CLANG_WARN_BLOCK_CAPTURE_AUTORELEASING = YES;
				CLANG_WARN_BOOL_CONVERSION = YES;
				CLANG_WARN_COMMA = YES;
				CLANG_WARN_CONSTANT_CONVERSION = YES;
				CLANG_WARN_DEPRECATED_OBJC_IMPLEMENTATIONS = YES;
				CLANG_WARN_DIRECT_OBJC_ISA_USAGE = YES_ERROR;
				CLANG_WARN_DOCUMENTATION_COMMENTS = YES;
				CLANG_WARN_EMPTY_BODY = YES;
				CLANG_WARN_ENUM_CONVERSION = YES;
				CLANG_WARN_INFINITE_RECURSION = YES;
				CLANG_WARN_INT_CONVERSION = YES;
				CLANG_WARN_NON_LITERAL_NULL_CONVERSION = YES;
				CLANG_WARN_OBJC_IMPLICIT_RETAIN_SELF = YES;
				CLANG_WARN_OBJC_LITERAL_CONVERSION = YES;
				CLANG_WARN_OBJC_ROOT_CLASS = YES_ERROR;
				CLANG_WARN_QUOTED_INCLUDE_IN_FRAMEWORK_HEADER = YES;
				CLANG_WARN_RANGE_LOOP_ANALYSIS = YES;
				CLANG_WARN_STRICT_PROTOTYPES = YES;
				CLANG_WARN_SUSPICIOUS_MOVE = YES;
				CLANG_WARN_UNGUARDED_AVAILABILITY = YES_AGGRESSIVE;
				CLANG_WARN_UNREACHABLE_CODE = YES;
				CLANG_WARN__DUPLICATE_METHOD_MATCH = YES;
				COPY_PHASE_STRIP = NO;
				DEBUG_INFORMATION_FORMAT = "dwarf-with-dsym";
				ENABLE_NS_ASSERTIONS = NO;
				ENABLE_STRICT_OBJC_MSGSEND = YES;
				GCC_C_LANGUAGE_STANDARD = gnu11;
				GCC_NO_COMMON_BLOCKS = YES;
				GCC_WARN_64_TO_32_BIT_CONVERSION = YES;
				GCC_WARN_ABOUT_RETURN_TYPE = YES_ERROR;
				GCC_WARN_UNDECLARED_SELECTOR = YES;
				GCC_WARN_UNINITIALIZED_AUTOS = YES_AGGRESSIVE;
				GCC_WARN_UNUSED_FUNCTION = YES;
				GCC_WARN_UNUSED_VARIABLE = YES;
				IPHONEOS_DEPLOYMENT_TARGET = 14.1;
				MTL_ENABLE_DEBUG_INFO = NO;
				MTL_FAST_MATH = YES;
				SDKROOT = iphoneos;
				SWIFT_COMPILATION_MODE = wholemodule;
				SWIFT_OPTIMIZATION_LEVEL = "-O";
				VALIDATE_PRODUCT = YES;
			};
			name = Release;
		};
		AAEE21052564E4AC00668FAD /* Debug */ = {
			isa = XCBuildConfiguration;
			buildSettings = {
				ASSETCATALOG_COMPILER_APPICON_NAME = AppIcon;
				ASSETCATALOG_COMPILER_GLOBAL_ACCENT_COLOR_NAME = AccentColor;
				CODE_SIGN_STYLE = Automatic;
				DEVELOPMENT_TEAM = B3PWYBKFUK;
				INFOPLIST_FILE = "HalgoraeDO/Supporting Files/Info.plist";
				LD_RUNPATH_SEARCH_PATHS = (
					"$(inherited)",
					"@executable_path/Frameworks",
				);
				PRODUCT_BUNDLE_IDENTIFIER = kr.boost.HalgoraeDO;
				PRODUCT_NAME = "$(TARGET_NAME)";
				SWIFT_VERSION = 5.0;
				TARGETED_DEVICE_FAMILY = "1,2";
			};
			name = Debug;
		};
		AAEE21062564E4AC00668FAD /* Release */ = {
			isa = XCBuildConfiguration;
			buildSettings = {
				ASSETCATALOG_COMPILER_APPICON_NAME = AppIcon;
				ASSETCATALOG_COMPILER_GLOBAL_ACCENT_COLOR_NAME = AccentColor;
				CODE_SIGN_STYLE = Automatic;
				DEVELOPMENT_TEAM = B3PWYBKFUK;
				INFOPLIST_FILE = "HalgoraeDO/Supporting Files/Info.plist";
				LD_RUNPATH_SEARCH_PATHS = (
					"$(inherited)",
					"@executable_path/Frameworks",
				);
				PRODUCT_BUNDLE_IDENTIFIER = kr.boost.HalgoraeDO;
				PRODUCT_NAME = "$(TARGET_NAME)";
				SWIFT_VERSION = 5.0;
				TARGETED_DEVICE_FAMILY = "1,2";
			};
			name = Release;
		};
/* End XCBuildConfiguration section */

/* Begin XCConfigurationList section */
		4CCD31E0256EBC0000A46D10 /* Build configuration list for PBXNativeTarget "TaskListTests" */ = {
			isa = XCConfigurationList;
			buildConfigurations = (
				4CCD31E1256EBC0000A46D10 /* Debug */,
				4CCD31E2256EBC0000A46D10 /* Release */,
			);
			defaultConfigurationIsVisible = 0;
			defaultConfigurationName = Release;
		};
		AAEE20D52564E4A900668FAD /* Build configuration list for PBXProject "HalgoraeDO" */ = {
			isa = XCConfigurationList;
			buildConfigurations = (
				AAEE21022564E4AC00668FAD /* Debug */,
				AAEE21032564E4AC00668FAD /* Release */,
			);
			defaultConfigurationIsVisible = 0;
			defaultConfigurationName = Release;
		};
		AAEE21042564E4AC00668FAD /* Build configuration list for PBXNativeTarget "HalgoraeDO" */ = {
			isa = XCConfigurationList;
			buildConfigurations = (
				AAEE21052564E4AC00668FAD /* Debug */,
				AAEE21062564E4AC00668FAD /* Release */,
			);
			defaultConfigurationIsVisible = 0;
			defaultConfigurationName = Release;
		};
/* End XCConfigurationList section */
	};
	rootObject = AAEE20D22564E4A900668FAD /* Project object */;
}
