<?xml version="1.0" encoding="UTF-8"?>
<Scheme
   LastUpgradeVersion = "1210"
   version = "1.3">
   <BuildAction
      parallelizeBuildables = "YES"
      buildImplicitDependencies = "YES">
      <BuildActionEntries>
         <BuildActionEntry
            buildForTesting = "YES"
            buildForRunning = "YES"
            buildForProfiling = "YES"
            buildForArchiving = "YES"
            buildForAnalyzing = "YES">
            <BuildableReference
               BuildableIdentifier = "primary"
               BlueprintIdentifier = "AAEE20D92564E4A900668FAD"
               BuildableName = "HalgoraeDO.app"
               BlueprintName = "HalgoraeDO"
               ReferencedContainer = "container:HalgoraeDO.xcodeproj">
            </BuildableReference>
         </BuildActionEntry>
      </BuildActionEntries>
   </BuildAction>
   <TestAction
      buildConfiguration = "Debug"
      selectedDebuggerIdentifier = "Xcode.DebuggerFoundation.Debugger.LLDB"
      selectedLauncherIdentifier = "Xcode.DebuggerFoundation.Launcher.LLDB"
      shouldUseLaunchSchemeArgsEnv = "YES"
      codeCoverageEnabled = "YES">
      <Testables>
         <TestableReference
            skipped = "NO">
            <BuildableReference
               BuildableIdentifier = "primary"
               BlueprintIdentifier = "4C0CA5ED256E9AF100E66045"
               BuildableName = "TaskListWorkerTests.xctest"
               BlueprintName = "TaskListWorkerTests"
               ReferencedContainer = "container:HalgoraeDO.xcodeproj">
            </BuildableReference>
         </TestableReference>
         <TestableReference
            skipped = "NO">
            <BuildableReference
               BuildableIdentifier = "primary"
               BlueprintIdentifier = "4C0CA609256EAA7300E66045"
               BuildableName = "TaskListInteractorTests.xctest"
               BlueprintName = "TaskListInteractorTests"
               ReferencedContainer = "container:HalgoraeDO.xcodeproj">
            </BuildableReference>
         </TestableReference>
         <TestableReference
            skipped = "NO">
            <BuildableReference
               BuildableIdentifier = "primary"
               BlueprintIdentifier = "4C0CA626256EABF700E66045"
               BuildableName = "TaskListPresenterTests.xctest"
               BlueprintName = "TaskListPresenterTests"
               ReferencedContainer = "container:HalgoraeDO.xcodeproj">
            </BuildableReference>
         </TestableReference>
         <TestableReference
            skipped = "NO">
            <BuildableReference
               BuildableIdentifier = "primary"
               BlueprintIdentifier = "4CCD31D8256EBC0000A46D10"
               BuildableName = "TaskListTests.xctest"
               BlueprintName = "TaskListTests"
               ReferencedContainer = "container:HalgoraeDO.xcodeproj">
            </BuildableReference>
         </TestableReference>
         <TestableReference
            skipped = "NO">
            <BuildableReference
               BuildableIdentifier = "primary"
               BlueprintIdentifier = "4CE91512257CCEFA00BCF398"
               BuildableName = "ServiceTests.xctest"
               BlueprintName = "ServiceTests"
               ReferencedContainer = "container:HalgoraeDO.xcodeproj">
            </BuildableReference>
         </TestableReference>
      </Testables>
   </TestAction>
   <LaunchAction
      buildConfiguration = "Debug"
      selectedDebuggerIdentifier = "Xcode.DebuggerFoundation.Debugger.LLDB"
      selectedLauncherIdentifier = "Xcode.DebuggerFoundation.Launcher.LLDB"
      launchStyle = "0"
      useCustomWorkingDirectory = "NO"
      ignoresPersistentStateOnLaunch = "NO"
      debugDocumentVersioning = "YES"
      debugServiceExtension = "internal"
      allowLocationSimulation = "YES">
      <BuildableProductRunnable
         runnableDebuggingMode = "0">
         <BuildableReference
            BuildableIdentifier = "primary"
            BlueprintIdentifier = "AAEE20D92564E4A900668FAD"
            BuildableName = "HalgoraeDO.app"
            BlueprintName = "HalgoraeDO"
            ReferencedContainer = "container:HalgoraeDO.xcodeproj">
         </BuildableReference>
      </BuildableProductRunnable>
      <EnvironmentVariables>
         <EnvironmentVariable
            key = "token"
            value = "eyJhbGciOiJIUzI1NiIsInR5cCI6IkpXVCJ9.eyJpZCI6ImJiMTYwNzYzLTlmMWMtNDAzNC1iMDg5LThhMjBkZmIzYWVlNyIsImVtYWlsIjoiY2N3MTAyMS5kZXZAZ21haWwuY29tIiwibmFtZSI6bnVsbCwicHJvdmlkZXIiOiJuYXZlciIsImlhdCI6MTYwNzkzMzA5OCwiZXhwIjoxNjA3OTM2Njk4fQ.M-h_OrgPIhGHb6GualWf3wuWK5bGJi5Px8ip2G9Q2p4"
            isEnabled = "YES">
         </EnvironmentVariable>
      </EnvironmentVariables>
   </LaunchAction>
   <ProfileAction
      buildConfiguration = "Release"
      shouldUseLaunchSchemeArgsEnv = "YES"
      savedToolIdentifier = ""
      useCustomWorkingDirectory = "NO"
      debugDocumentVersioning = "YES">
      <BuildableProductRunnable
         runnableDebuggingMode = "0">
         <BuildableReference
            BuildableIdentifier = "primary"
            BlueprintIdentifier = "AAEE20D92564E4A900668FAD"
            BuildableName = "HalgoraeDO.app"
            BlueprintName = "HalgoraeDO"
            ReferencedContainer = "container:HalgoraeDO.xcodeproj">
         </BuildableReference>
      </BuildableProductRunnable>
   </ProfileAction>
   <AnalyzeAction
      buildConfiguration = "Debug">
   </AnalyzeAction>
   <ArchiveAction
      buildConfiguration = "Release"
      revealArchiveInOrganizer = "YES">
   </ArchiveAction>
</Scheme>
